
Microsoft Visual Studio Solution File, Format Version 12.00
# Visual Studio Version 17
VisualStudioVersion = 17.9.34714.143
MinimumVisualStudioVersion = 10.0.40219.1
Project("{9A19103F-16F7-4668-BE54-9A1E7A4F7556}") = "First-App.Server", "First-App.Server\First-App.Server.csproj", "{A0A6CDA7-0E72-4469-8960-DDF36F8BA36F}"
EndProject
Project("{E53339B2-1760-4266-BCC7-CA923CBCF16C}") = "docker-compose", "docker-compose.dcproj", "{3C31DB80-04F8-4AE9-A870-2D7BBF5527FA}"
EndProject
Global
	GlobalSection(SolutionConfigurationPlatforms) = preSolution
		Debug|Any CPU = Debug|Any CPU
		Release|Any CPU = Release|Any CPU
	EndGlobalSection
	GlobalSection(ProjectConfigurationPlatforms) = postSolution
		{A0A6CDA7-0E72-4469-8960-DDF36F8BA36F}.Debug|Any CPU.ActiveCfg = Debug|Any CPU
		{A0A6CDA7-0E72-4469-8960-DDF36F8BA36F}.Debug|Any CPU.Build.0 = Debug|Any CPU
		{A0A6CDA7-0E72-4469-8960-DDF36F8BA36F}.Release|Any CPU.ActiveCfg = Release|Any CPU
		{A0A6CDA7-0E72-4469-8960-DDF36F8BA36F}.Release|Any CPU.Build.0 = Release|Any CPU
		{3C31DB80-04F8-4AE9-A870-2D7BBF5527FA}.Debug|Any CPU.ActiveCfg = Debug|Any CPU
		{3C31DB80-04F8-4AE9-A870-2D7BBF5527FA}.Debug|Any CPU.Build.0 = Debug|Any CPU
		{3C31DB80-04F8-4AE9-A870-2D7BBF5527FA}.Release|Any CPU.ActiveCfg = Release|Any CPU
		{3C31DB80-04F8-4AE9-A870-2D7BBF5527FA}.Release|Any CPU.Build.0 = Release|Any CPU
	EndGlobalSection
	GlobalSection(SolutionProperties) = preSolution
		HideSolutionNode = FALSE
	EndGlobalSection
	GlobalSection(ExtensibilityGlobals) = postSolution
		SolutionGuid = {F07A58A2-2B23-44D7-B388-1350B955170A}
	EndGlobalSection
EndGlobal
